
Microsoft Visual Studio Solution File, Format Version 12.00
# Visual Studio Version 17
VisualStudioVersion = 17.0.31903.59
MinimumVisualStudioVersion = 10.0.40219.1
Project("{FAE04EC0-301F-11D3-BF4B-00C04F79EFBC}") = "GadgetHub.Models", "GadgetHub.Models\GadgetHub.Models.csproj", "{31525E9C-8B8C-426A-9867-83ACBA398EA9}"
EndProject
Project("{FAE04EC0-301F-11D3-BF4B-00C04F79EFBC}") = "GadgetHub.API", "GadgetHub.API\GadgetHub.API.csproj", "{E14E7343-7339-4005-ADB4-7D34E726EBA2}"
EndProject
Project("{FAE04EC0-301F-11D3-BF4B-00C04F79EFBC}") = "GadgetHub.AdminPanel", "GadgetHub.AdminPanel\GadgetHub.AdminPanel.csproj", "{1A700C89-2639-478F-8B9C-9E5244F13B38}"
EndProject
Project("{FAE04EC0-301F-11D3-BF4B-00C04F79EFBC}") = "GadgetHub.CustomerPortal", "GadgetHub.CustomerPortal\GadgetHub.CustomerPortal.csproj", "{3EF03D67-C3E5-4342-AE15-4E5D050CF09A}"
EndProject
Project("{FAE04EC0-301F-11D3-BF4B-00C04F79EFBC}") = "GadgetHub.DistributorPortal", "GadgetHub.DistributorPortal\GadgetHub.DistributorPortal.csproj", "{C7C6AEFB-C8CD-4041-AC26-35F6B4304E6A}"
EndProject
Global
	GlobalSection(SolutionConfigurationPlatforms) = preSolution
		Debug|Any CPU = Debug|Any CPU
		Debug|x64 = Debug|x64
		Debug|x86 = Debug|x86
		Release|Any CPU = Release|Any CPU
		Release|x64 = Release|x64
		Release|x86 = Release|x86
	EndGlobalSection
	GlobalSection(ProjectConfigurationPlatforms) = postSolution
		{31525E9C-8B8C-426A-9867-83ACBA398EA9}.Debug|Any CPU.ActiveCfg = Debug|Any CPU
		{31525E9C-8B8C-426A-9867-83ACBA398EA9}.Debug|Any CPU.Build.0 = Debug|Any CPU
		{31525E9C-8B8C-426A-9867-83ACBA398EA9}.Debug|x64.ActiveCfg = Debug|Any CPU
		{31525E9C-8B8C-426A-9867-83ACBA398EA9}.Debug|x64.Build.0 = Debug|Any CPU
		{31525E9C-8B8C-426A-9867-83ACBA398EA9}.Debug|x86.ActiveCfg = Debug|Any CPU
		{31525E9C-8B8C-426A-9867-83ACBA398EA9}.Debug|x86.Build.0 = Debug|Any CPU
		{31525E9C-8B8C-426A-9867-83ACBA398EA9}.Release|Any CPU.ActiveCfg = Release|Any CPU
		{31525E9C-8B8C-426A-9867-83ACBA398EA9}.Release|Any CPU.Build.0 = Release|Any CPU
		{31525E9C-8B8C-426A-9867-83ACBA398EA9}.Release|x64.ActiveCfg = Release|Any CPU
		{31525E9C-8B8C-426A-9867-83ACBA398EA9}.Release|x64.Build.0 = Release|Any CPU
		{31525E9C-8B8C-426A-9867-83ACBA398EA9}.Release|x86.ActiveCfg = Release|Any CPU
		{31525E9C-8B8C-426A-9867-83ACBA398EA9}.Release|x86.Build.0 = Release|Any CPU
		{E14E7343-7339-4005-ADB4-7D34E726EBA2}.Debug|Any CPU.ActiveCfg = Debug|Any CPU
		{E14E7343-7339-4005-ADB4-7D34E726EBA2}.Debug|Any CPU.Build.0 = Debug|Any CPU
		{E14E7343-7339-4005-ADB4-7D34E726EBA2}.Debug|x64.ActiveCfg = Debug|Any CPU
		{E14E7343-7339-4005-ADB4-7D34E726EBA2}.Debug|x64.Build.0 = Debug|Any CPU
		{E14E7343-7339-4005-ADB4-7D34E726EBA2}.Debug|x86.ActiveCfg = Debug|Any CPU
		{E14E7343-7339-4005-ADB4-7D34E726EBA2}.Debug|x86.Build.0 = Debug|Any CPU
		{E14E7343-7339-4005-ADB4-7D34E726EBA2}.Release|Any CPU.ActiveCfg = Release|Any CPU
		{E14E7343-7339-4005-ADB4-7D34E726EBA2}.Release|Any CPU.Build.0 = Release|Any CPU
		{E14E7343-7339-4005-ADB4-7D34E726EBA2}.Release|x64.ActiveCfg = Release|Any CPU
		{E14E7343-7339-4005-ADB4-7D34E726EBA2}.Release|x64.Build.0 = Release|Any CPU
		{E14E7343-7339-4005-ADB4-7D34E726EBA2}.Release|x86.ActiveCfg = Release|Any CPU
		{E14E7343-7339-4005-ADB4-7D34E726EBA2}.Release|x86.Build.0 = Release|Any CPU
		{1A700C89-2639-478F-8B9C-9E5244F13B38}.Debug|Any CPU.ActiveCfg = Debug|Any CPU
		{1A700C89-2639-478F-8B9C-9E5244F13B38}.Debug|Any CPU.Build.0 = Debug|Any CPU
		{1A700C89-2639-478F-8B9C-9E5244F13B38}.Debug|x64.ActiveCfg = Debug|Any CPU
		{1A700C89-2639-478F-8B9C-9E5244F13B38}.Debug|x64.Build.0 = Debug|Any CPU
		{1A700C89-2639-478F-8B9C-9E5244F13B38}.Debug|x86.ActiveCfg = Debug|Any CPU
		{1A700C89-2639-478F-8B9C-9E5244F13B38}.Debug|x86.Build.0 = Debug|Any CPU
		{1A700C89-2639-478F-8B9C-9E5244F13B38}.Release|Any CPU.ActiveCfg = Release|Any CPU
		{1A700C89-2639-478F-8B9C-9E5244F13B38}.Release|Any CPU.Build.0 = Release|Any CPU
		{1A700C89-2639-478F-8B9C-9E5244F13B38}.Release|x64.ActiveCfg = Release|Any CPU
		{1A700C89-2639-478F-8B9C-9E5244F13B38}.Release|x64.Build.0 = Release|Any CPU
		{1A700C89-2639-478F-8B9C-9E5244F13B38}.Release|x86.ActiveCfg = Release|Any CPU
		{1A700C89-2639-478F-8B9C-9E5244F13B38}.Release|x86.Build.0 = Release|Any CPU
		{3EF03D67-C3E5-4342-AE15-4E5D050CF09A}.Debug|Any CPU.ActiveCfg = Debug|Any CPU
		{3EF03D67-C3E5-4342-AE15-4E5D050CF09A}.Debug|Any CPU.Build.0 = Debug|Any CPU
		{3EF03D67-C3E5-4342-AE15-4E5D050CF09A}.Debug|x64.ActiveCfg = Debug|Any CPU
		{3EF03D67-C3E5-4342-AE15-4E5D050CF09A}.Debug|x64.Build.0 = Debug|Any CPU
		{3EF03D67-C3E5-4342-AE15-4E5D050CF09A}.Debug|x86.ActiveCfg = Debug|Any CPU
		{3EF03D67-C3E5-4342-AE15-4E5D050CF09A}.Debug|x86.Build.0 = Debug|Any CPU
		{3EF03D67-C3E5-4342-AE15-4E5D050CF09A}.Release|Any CPU.ActiveCfg = Release|Any CPU
		{3EF03D67-C3E5-4342-AE15-4E5D050CF09A}.Release|Any CPU.Build.0 = Release|Any CPU
		{3EF03D67-C3E5-4342-AE15-4E5D050CF09A}.Release|x64.ActiveCfg = Release|Any CPU
		{3EF03D67-C3E5-4342-AE15-4E5D050CF09A}.Release|x64.Build.0 = Release|Any CPU
		{3EF03D67-C3E5-4342-AE15-4E5D050CF09A}.Release|x86.ActiveCfg = Release|Any CPU
		{3EF03D67-C3E5-4342-AE15-4E5D050CF09A}.Release|x86.Build.0 = Release|Any CPU
		{C7C6AEFB-C8CD-4041-AC26-35F6B4304E6A}.Debug|Any CPU.ActiveCfg = Debug|Any CPU
		{C7C6AEFB-C8CD-4041-AC26-35F6B4304E6A}.Debug|Any CPU.Build.0 = Debug|Any CPU
		{C7C6AEFB-C8CD-4041-AC26-35F6B4304E6A}.Debug|x64.ActiveCfg = Debug|Any CPU
		{C7C6AEFB-C8CD-4041-AC26-35F6B4304E6A}.Debug|x64.Build.0 = Debug|Any CPU
		{C7C6AEFB-C8CD-4041-AC26-35F6B4304E6A}.Debug|x86.ActiveCfg = Debug|Any CPU
		{C7C6AEFB-C8CD-4041-AC26-35F6B4304E6A}.Debug|x86.Build.0 = Debug|Any CPU
		{C7C6AEFB-C8CD-4041-AC26-35F6B4304E6A}.Release|Any CPU.ActiveCfg = Release|Any CPU
		{C7C6AEFB-C8CD-4041-AC26-35F6B4304E6A}.Release|Any CPU.Build.0 = Release|Any CPU
		{C7C6AEFB-C8CD-4041-AC26-35F6B4304E6A}.Release|x64.ActiveCfg = Release|Any CPU
		{C7C6AEFB-C8CD-4041-AC26-35F6B4304E6A}.Release|x64.Build.0 = Release|Any CPU
		{C7C6AEFB-C8CD-4041-AC26-35F6B4304E6A}.Release|x86.ActiveCfg = Release|Any CPU
		{C7C6AEFB-C8CD-4041-AC26-35F6B4304E6A}.Release|x86.Build.0 = Release|Any CPU
	EndGlobalSection
	GlobalSection(SolutionProperties) = preSolution
		HideSolutionNode = FALSE
	EndGlobalSection
EndGlobal
